
Microsoft Visual Studio Solution File, Format Version 12.00
# Visual Studio Version 17
VisualStudioVersion = 17.8.34316.72
MinimumVisualStudioVersion = 10.0.40219.1
Project("{FAE04EC0-301F-11D3-BF4B-00C04F79EFBC}") = "WebApplication2", "WebApplication2\WebApplication2.csproj", "{4ED82C93-B06F-4091-A0ED-7E7E2B942A0C}"
EndProject
Global
	GlobalSection(SolutionConfigurationPlatforms) = preSolution
		Debug|Any CPU = Debug|Any CPU
		Release|Any CPU = Release|Any CPU
	EndGlobalSection
	GlobalSection(ProjectConfigurationPlatforms) = postSolution
		{4ED82C93-B06F-4091-A0ED-7E7E2B942A0C}.Debug|Any CPU.ActiveCfg = Debug|Any CPU
		{4ED82C93-B06F-4091-A0ED-7E7E2B942A0C}.Debug|Any CPU.Build.0 = Debug|Any CPU
		{4ED82C93-B06F-4091-A0ED-7E7E2B942A0C}.Release|Any CPU.ActiveCfg = Release|Any CPU
		{4ED82C93-B06F-4091-A0ED-7E7E2B942A0C}.Release|Any CPU.Build.0 = Release|Any CPU
	EndGlobalSection
	GlobalSection(SolutionProperties) = preSolution
		HideSolutionNode = FALSE
	EndGlobalSection
	GlobalSection(ExtensibilityGlobals) = postSolution
		SolutionGuid = {C8562897-1F12-4B2F-960E-4787BEFF6866}
	EndGlobalSection
EndGlobal
